
Microsoft Visual Studio Solution File, Format Version 12.00
# Visual Studio Version 17
VisualStudioVersion = 17.1.32210.238
MinimumVisualStudioVersion = 10.0.40219.1
Project("{FAE04EC0-301F-11D3-BF4B-00C04F79EFBC}") = "Vehicle Task", "Vehicle Task\Vehicle Task.csproj", "{BC38EAA5-9D31-4E3A-8D04-00623446BE6A}"
EndProject
Global
	GlobalSection(SolutionConfigurationPlatforms) = preSolution
		Debug|Any CPU = Debug|Any CPU
		Release|Any CPU = Release|Any CPU
	EndGlobalSection
	GlobalSection(ProjectConfigurationPlatforms) = postSolution
		{BC38EAA5-9D31-4E3A-8D04-00623446BE6A}.Debug|Any CPU.ActiveCfg = Debug|Any CPU
		{BC38EAA5-9D31-4E3A-8D04-00623446BE6A}.Debug|Any CPU.Build.0 = Debug|Any CPU
		{BC38EAA5-9D31-4E3A-8D04-00623446BE6A}.Release|Any CPU.ActiveCfg = Release|Any CPU
		{BC38EAA5-9D31-4E3A-8D04-00623446BE6A}.Release|Any CPU.Build.0 = Release|Any CPU
	EndGlobalSection
	GlobalSection(SolutionProperties) = preSolution
		HideSolutionNode = FALSE
	EndGlobalSection
	GlobalSection(ExtensibilityGlobals) = postSolution
		SolutionGuid = {1156305C-3821-46CC-8F3D-2D2669608F95}
	EndGlobalSection
EndGlobal
